
Microsoft Visual Studio Solution File, Format Version 12.00
# Visual Studio Version 16
VisualStudioVersion = 16.0.30330.147
MinimumVisualStudioVersion = 10.0.40219.1
Project("{FAE04EC0-301F-11D3-BF4B-00C04F79EFBC}") = "ApiSecureStudent", "ApiSecureStudent\ApiSecureStudent.csproj", "{1496EAAE-B3EB-4FB0-BFA9-42636DD8940E}"
EndProject
Project("{FAE04EC0-301F-11D3-BF4B-00C04F79EFBC}") = "admStudentSecurity", "admStudentSecurity\admStudentSecurity.csproj", "{BB2FFAF9-B5C1-4ED9-B71E-DC62CE6D61C2}"
EndProject
Project("{FAE04EC0-301F-11D3-BF4B-00C04F79EFBC}") = "StudentSecurity.Tests", "StudentSecurity.Tests\StudentSecurity.Tests.csproj", "{C5D25001-9A6B-47EC-8D00-34A3D69D6990}"
EndProject
Global
	GlobalSection(SolutionConfigurationPlatforms) = preSolution
		Debug|Any CPU = Debug|Any CPU
		Release|Any CPU = Release|Any CPU
	EndGlobalSection
	GlobalSection(ProjectConfigurationPlatforms) = postSolution
		{1496EAAE-B3EB-4FB0-BFA9-42636DD8940E}.Debug|Any CPU.ActiveCfg = Debug|Any CPU
		{1496EAAE-B3EB-4FB0-BFA9-42636DD8940E}.Debug|Any CPU.Build.0 = Debug|Any CPU
		{1496EAAE-B3EB-4FB0-BFA9-42636DD8940E}.Release|Any CPU.ActiveCfg = Release|Any CPU
		{1496EAAE-B3EB-4FB0-BFA9-42636DD8940E}.Release|Any CPU.Build.0 = Release|Any CPU
		{BB2FFAF9-B5C1-4ED9-B71E-DC62CE6D61C2}.Debug|Any CPU.ActiveCfg = Debug|Any CPU
		{BB2FFAF9-B5C1-4ED9-B71E-DC62CE6D61C2}.Debug|Any CPU.Build.0 = Debug|Any CPU
		{BB2FFAF9-B5C1-4ED9-B71E-DC62CE6D61C2}.Release|Any CPU.ActiveCfg = Release|Any CPU
		{BB2FFAF9-B5C1-4ED9-B71E-DC62CE6D61C2}.Release|Any CPU.Build.0 = Release|Any CPU
		{C5D25001-9A6B-47EC-8D00-34A3D69D6990}.Debug|Any CPU.ActiveCfg = Debug|Any CPU
		{C5D25001-9A6B-47EC-8D00-34A3D69D6990}.Debug|Any CPU.Build.0 = Debug|Any CPU
		{C5D25001-9A6B-47EC-8D00-34A3D69D6990}.Release|Any CPU.ActiveCfg = Release|Any CPU
		{C5D25001-9A6B-47EC-8D00-34A3D69D6990}.Release|Any CPU.Build.0 = Release|Any CPU
	EndGlobalSection
	GlobalSection(SolutionProperties) = preSolution
		HideSolutionNode = FALSE
	EndGlobalSection
	GlobalSection(ExtensibilityGlobals) = postSolution
		SolutionGuid = {A3112B42-B6B9-462E-B822-E64C1E630C14}
	EndGlobalSection
EndGlobal
